
Microsoft Visual Studio Solution File, Format Version 12.00
# Visual Studio 14
VisualStudioVersion = 14.0.24720.0
MinimumVisualStudioVersion = 10.0.40219.1
Project("{FAE04EC0-301F-11D3-BF4B-00C04F79EFBC}") = "AppFactura", "AppFactura\AppFactura.csproj", "{3DFEA107-2B59-40C8-AC22-15F8DD699498}"
EndProject
Project("{FAE04EC0-301F-11D3-BF4B-00C04F79EFBC}") = "WcfService_factura_NOUSAR", "WcfService_factura\WcfService_factura_NOUSAR.csproj", "{97498F13-9490-4749-9E1C-9CA855FA9073}"
EndProject
Project("{FAE04EC0-301F-11D3-BF4B-00C04F79EFBC}") = "WebApplication_tyscom_NOUSAR", "WebApplication_tyscom\WebApplication_tyscom\WebApplication_tyscom_NOUSAR.csproj", "{50C98FF0-2A8E-484F-8686-8C6A2CBED360}"
EndProject
Project("{2150E333-8FDC-42A3-9474-1A3956D46DE8}") = "1-WebServices", "1-WebServices", "{0FE8F74E-8AF7-49C4-AA5D-A1B7828CFC4F}"
EndProject
Project("{2150E333-8FDC-42A3-9474-1A3956D46DE8}") = "2-Componentes", "2-Componentes", "{B09E7C5B-4DA1-4C66-A73B-7CE09B24ECB6}"
EndProject
Project("{FAE04EC0-301F-11D3-BF4B-00C04F79EFBC}") = "SqlConnector", "SqlConnector\SqlConnector.csproj", "{5EA0373B-C774-4DF1-91F4-838CD9DA24A2}"
EndProject
Project("{2150E333-8FDC-42A3-9474-1A3956D46DE8}") = "3-WebApp", "3-WebApp", "{4FC01F33-ACEA-4B87-BC90-5E42AAEE67CC}"
EndProject
Project("{FAE04EC0-301F-11D3-BF4B-00C04F79EFBC}") = "app_Factura", "app_Factura\app_Factura.csproj", "{2D1331FC-C418-4EC1-BB73-C8B20D25386F}"
EndProject
Project("{2150E333-8FDC-42A3-9474-1A3956D46DE8}") = "4-OldVersion", "4-OldVersion", "{E420654E-258E-48EB-BEBE-1C97BD992E08}"
EndProject
Project("{FAE04EC0-301F-11D3-BF4B-00C04F79EFBC}") = "ws_Factura", "ws_Factura\ws_Factura.csproj", "{D9F87F0E-DB0A-4605-9A94-560CF3AF32FB}"
EndProject
Project("{FAE04EC0-301F-11D3-BF4B-00C04F79EFBC}") = "Transaction_ws", "Transaction_ws\Transaction_ws.csproj", "{950D0BD1-656B-4460-811C-9796917DBC55}"
EndProject
Global
	GlobalSection(SolutionConfigurationPlatforms) = preSolution
		Debug|Any CPU = Debug|Any CPU
		Release|Any CPU = Release|Any CPU
	EndGlobalSection
	GlobalSection(ProjectConfigurationPlatforms) = postSolution
		{3DFEA107-2B59-40C8-AC22-15F8DD699498}.Debug|Any CPU.ActiveCfg = Debug|Any CPU
		{3DFEA107-2B59-40C8-AC22-15F8DD699498}.Debug|Any CPU.Build.0 = Debug|Any CPU
		{3DFEA107-2B59-40C8-AC22-15F8DD699498}.Release|Any CPU.ActiveCfg = Release|Any CPU
		{3DFEA107-2B59-40C8-AC22-15F8DD699498}.Release|Any CPU.Build.0 = Release|Any CPU
		{97498F13-9490-4749-9E1C-9CA855FA9073}.Debug|Any CPU.ActiveCfg = Debug|Any CPU
		{97498F13-9490-4749-9E1C-9CA855FA9073}.Debug|Any CPU.Build.0 = Debug|Any CPU
		{97498F13-9490-4749-9E1C-9CA855FA9073}.Release|Any CPU.ActiveCfg = Release|Any CPU
		{97498F13-9490-4749-9E1C-9CA855FA9073}.Release|Any CPU.Build.0 = Release|Any CPU
		{50C98FF0-2A8E-484F-8686-8C6A2CBED360}.Debug|Any CPU.ActiveCfg = Debug|Any CPU
		{50C98FF0-2A8E-484F-8686-8C6A2CBED360}.Debug|Any CPU.Build.0 = Debug|Any CPU
		{50C98FF0-2A8E-484F-8686-8C6A2CBED360}.Release|Any CPU.ActiveCfg = Release|Any CPU
		{50C98FF0-2A8E-484F-8686-8C6A2CBED360}.Release|Any CPU.Build.0 = Release|Any CPU
		{5EA0373B-C774-4DF1-91F4-838CD9DA24A2}.Debug|Any CPU.ActiveCfg = Debug|Any CPU
		{5EA0373B-C774-4DF1-91F4-838CD9DA24A2}.Debug|Any CPU.Build.0 = Debug|Any CPU
		{5EA0373B-C774-4DF1-91F4-838CD9DA24A2}.Release|Any CPU.ActiveCfg = Release|Any CPU
		{5EA0373B-C774-4DF1-91F4-838CD9DA24A2}.Release|Any CPU.Build.0 = Release|Any CPU
		{2D1331FC-C418-4EC1-BB73-C8B20D25386F}.Debug|Any CPU.ActiveCfg = Debug|Any CPU
		{2D1331FC-C418-4EC1-BB73-C8B20D25386F}.Debug|Any CPU.Build.0 = Debug|Any CPU
		{2D1331FC-C418-4EC1-BB73-C8B20D25386F}.Release|Any CPU.ActiveCfg = Release|Any CPU
		{2D1331FC-C418-4EC1-BB73-C8B20D25386F}.Release|Any CPU.Build.0 = Release|Any CPU
		{D9F87F0E-DB0A-4605-9A94-560CF3AF32FB}.Debug|Any CPU.ActiveCfg = Debug|Any CPU
		{D9F87F0E-DB0A-4605-9A94-560CF3AF32FB}.Debug|Any CPU.Build.0 = Debug|Any CPU
		{D9F87F0E-DB0A-4605-9A94-560CF3AF32FB}.Release|Any CPU.ActiveCfg = Release|Any CPU
		{D9F87F0E-DB0A-4605-9A94-560CF3AF32FB}.Release|Any CPU.Build.0 = Release|Any CPU
		{950D0BD1-656B-4460-811C-9796917DBC55}.Debug|Any CPU.ActiveCfg = Debug|Any CPU
		{950D0BD1-656B-4460-811C-9796917DBC55}.Debug|Any CPU.Build.0 = Debug|Any CPU
		{950D0BD1-656B-4460-811C-9796917DBC55}.Release|Any CPU.ActiveCfg = Release|Any CPU
		{950D0BD1-656B-4460-811C-9796917DBC55}.Release|Any CPU.Build.0 = Release|Any CPU
	EndGlobalSection
	GlobalSection(SolutionProperties) = preSolution
		HideSolutionNode = FALSE
	EndGlobalSection
	GlobalSection(NestedProjects) = preSolution
		{3DFEA107-2B59-40C8-AC22-15F8DD699498} = {E420654E-258E-48EB-BEBE-1C97BD992E08}
		{97498F13-9490-4749-9E1C-9CA855FA9073} = {E420654E-258E-48EB-BEBE-1C97BD992E08}
		{50C98FF0-2A8E-484F-8686-8C6A2CBED360} = {E420654E-258E-48EB-BEBE-1C97BD992E08}
		{5EA0373B-C774-4DF1-91F4-838CD9DA24A2} = {B09E7C5B-4DA1-4C66-A73B-7CE09B24ECB6}
		{2D1331FC-C418-4EC1-BB73-C8B20D25386F} = {4FC01F33-ACEA-4B87-BC90-5E42AAEE67CC}
		{D9F87F0E-DB0A-4605-9A94-560CF3AF32FB} = {0FE8F74E-8AF7-49C4-AA5D-A1B7828CFC4F}
		{950D0BD1-656B-4460-811C-9796917DBC55} = {B09E7C5B-4DA1-4C66-A73B-7CE09B24ECB6}
	EndGlobalSection
EndGlobal
